
Microsoft Visual Studio Solution File, Format Version 12.00
# Visual Studio Version 17
VisualStudioVersion = 17.11.35312.102
MinimumVisualStudioVersion = 10.0.40219.1
Project("{FAE04EC0-301F-11D3-BF4B-00C04F79EFBC}") = "Week9Lists", "Week9Lists\Week9Lists.csproj", "{51242A4B-F69B-4D5E-BC2F-554C78722783}"
EndProject
Global
	GlobalSection(SolutionConfigurationPlatforms) = preSolution
		Debug|Any CPU = Debug|Any CPU
		Release|Any CPU = Release|Any CPU
	EndGlobalSection
	GlobalSection(ProjectConfigurationPlatforms) = postSolution
		{51242A4B-F69B-4D5E-BC2F-554C78722783}.Debug|Any CPU.ActiveCfg = Debug|Any CPU
		{51242A4B-F69B-4D5E-BC2F-554C78722783}.Debug|Any CPU.Build.0 = Debug|Any CPU
		{51242A4B-F69B-4D5E-BC2F-554C78722783}.Release|Any CPU.ActiveCfg = Release|Any CPU
		{51242A4B-F69B-4D5E-BC2F-554C78722783}.Release|Any CPU.Build.0 = Release|Any CPU
	EndGlobalSection
	GlobalSection(SolutionProperties) = preSolution
		HideSolutionNode = FALSE
	EndGlobalSection
	GlobalSection(ExtensibilityGlobals) = postSolution
		SolutionGuid = {AC1C8164-4127-4C2C-8416-928D60CFB40E}
	EndGlobalSection
EndGlobal
